
Microsoft Visual Studio Solution File, Format Version 12.00
# Visual Studio Version 17
VisualStudioVersion = 17.8.34316.72
MinimumVisualStudioVersion = 10.0.40219.1
Project("{FAE04EC0-301F-11D3-BF4B-00C04F79EFBC}") = "GA_Conditions", "GA_Conditions.csproj", "{0E66E25D-1E77-4777-9308-E9C89090E442}"
EndProject
Global
	GlobalSection(SolutionConfigurationPlatforms) = preSolution
		Debug|Any CPU = Debug|Any CPU
		Release|Any CPU = Release|Any CPU
	EndGlobalSection
	GlobalSection(ProjectConfigurationPlatforms) = postSolution
		{0E66E25D-1E77-4777-9308-E9C89090E442}.Debug|Any CPU.ActiveCfg = Debug|Any CPU
		{0E66E25D-1E77-4777-9308-E9C89090E442}.Debug|Any CPU.Build.0 = Debug|Any CPU
		{0E66E25D-1E77-4777-9308-E9C89090E442}.Release|Any CPU.ActiveCfg = Release|Any CPU
		{0E66E25D-1E77-4777-9308-E9C89090E442}.Release|Any CPU.Build.0 = Release|Any CPU
	EndGlobalSection
	GlobalSection(SolutionProperties) = preSolution
		HideSolutionNode = FALSE
	EndGlobalSection
	GlobalSection(ExtensibilityGlobals) = postSolution
		SolutionGuid = {A386627B-B070-4151-A8EB-A9F05B424CD7}
	EndGlobalSection
EndGlobal
